// !$*UTF8*$!
{
	archiveVersion = 1;
	classes = {
	};
	objectVersion = 48;
	objects = {

/* Begin PBXBuildFile section */
		EBAB27FF2036EC0000958CB0 /* Utility.swift in Sources */ = {isa = PBXBuildFile; fileRef = EBAB27FE2036EC0000958CB0 /* Utility.swift */; };
		EBAB28012036EC1500958CB0 /* ViewUtility.swift in Sources */ = {isa = PBXBuildFile; fileRef = EBAB28002036EC1500958CB0 /* ViewUtility.swift */; };
		EBAB28042036EDB900958CB0 /* EmptyPageView.xib in Resources */ = {isa = PBXBuildFile; fileRef = EBAB28032036EDB900958CB0 /* EmptyPageView.xib */; };
		EBAB28062036EE9500958CB0 /* ImageAssets.xcassets in Resources */ = {isa = PBXBuildFile; fileRef = EBAB28052036EE9500958CB0 /* ImageAssets.xcassets */; };
		EBAB28082036F10000958CB0 /* EmptyPageView.swift in Sources */ = {isa = PBXBuildFile; fileRef = EBAB28072036F10000958CB0 /* EmptyPageView.swift */; };
		EBAB280C2036F7C200958CB0 /* FurnitureTableViewCell.swift in Sources */ = {isa = PBXBuildFile; fileRef = EBAB280A2036F7C200958CB0 /* FurnitureTableViewCell.swift */; };
		EBAB280D2036F7C200958CB0 /* FurnitureTableViewCell.xib in Resources */ = {isa = PBXBuildFile; fileRef = EBAB280B2036F7C200958CB0 /* FurnitureTableViewCell.xib */; };
		EBAB280F203728CB00958CB0 /* FurnitureDetailsStoreVC.swift in Sources */ = {isa = PBXBuildFile; fileRef = EBAB280E203728CB00958CB0 /* FurnitureDetailsStoreVC.swift */; };
		EBAB28132037565200958CB0 /* Constants.swift in Sources */ = {isa = PBXBuildFile; fileRef = EBAB28122037565200958CB0 /* Constants.swift */; };
		EBE964622036D47F00042C05 /* AppDelegate.swift in Sources */ = {isa = PBXBuildFile; fileRef = EBE964612036D47F00042C05 /* AppDelegate.swift */; };
		EBE964642036D47F00042C05 /* ViewController.swift in Sources */ = {isa = PBXBuildFile; fileRef = EBE964632036D47F00042C05 /* ViewController.swift */; };
		EBE964672036D47F00042C05 /* Main.storyboard in Resources */ = {isa = PBXBuildFile; fileRef = EBE964652036D47F00042C05 /* Main.storyboard */; };
		EBE964692036D47F00042C05 /* Assets.xcassets in Resources */ = {isa = PBXBuildFile; fileRef = EBE964682036D47F00042C05 /* Assets.xcassets */; };
		EBE9646C2036D47F00042C05 /* LaunchScreen.storyboard in Resources */ = {isa = PBXBuildFile; fileRef = EBE9646A2036D47F00042C05 /* LaunchScreen.storyboard */; };
		EBE964752036D59A00042C05 /* Furniture.swift in Sources */ = {isa = PBXBuildFile; fileRef = EBE964742036D59A00042C05 /* Furniture.swift */; };
/* End PBXBuildFile section */

/* Begin PBXFileReference section */
		EBAB27FE2036EC0000958CB0 /* Utility.swift */ = {isa = PBXFileReference; lastKnownFileType = sourcecode.swift; path = Utility.swift; sourceTree = "<group>"; };
		EBAB28002036EC1500958CB0 /* ViewUtility.swift */ = {isa = PBXFileReference; lastKnownFileType = sourcecode.swift; path = ViewUtility.swift; sourceTree = "<group>"; };
		EBAB28032036EDB900958CB0 /* EmptyPageView.xib */ = {isa = PBXFileReference; lastKnownFileType = file.xib; path = EmptyPageView.xib; sourceTree = "<group>"; };
		EBAB28052036EE9500958CB0 /* ImageAssets.xcassets */ = {isa = PBXFileReference; lastKnownFileType = folder.assetcatalog; path = ImageAssets.xcassets; sourceTree = "<group>"; };
		EBAB28072036F10000958CB0 /* EmptyPageView.swift */ = {isa = PBXFileReference; lastKnownFileType = sourcecode.swift; path = EmptyPageView.swift; sourceTree = "<group>"; };
		EBAB280A2036F7C200958CB0 /* FurnitureTableViewCell.swift */ = {isa = PBXFileReference; lastKnownFileType = sourcecode.swift; path = FurnitureTableViewCell.swift; sourceTree = "<group>"; };
		EBAB280B2036F7C200958CB0 /* FurnitureTableViewCell.xib */ = {isa = PBXFileReference; lastKnownFileType = file.xib; path = FurnitureTableViewCell.xib; sourceTree = "<group>"; };
		EBAB280E203728CB00958CB0 /* FurnitureDetailsStoreVC.swift */ = {isa = PBXFileReference; lastKnownFileType = sourcecode.swift; path = FurnitureDetailsStoreVC.swift; sourceTree = "<group>"; };
		EBAB28122037565200958CB0 /* Constants.swift */ = {isa = PBXFileReference; lastKnownFileType = sourcecode.swift; path = Constants.swift; sourceTree = "<group>"; };
		EBE9645E2036D47F00042C05 /* AssetStorage.app */ = {isa = PBXFileReference; explicitFileType = wrapper.application; includeInIndex = 0; path = AssetStorage.app; sourceTree = BUILT_PRODUCTS_DIR; };
		EBE964612036D47F00042C05 /* AppDelegate.swift */ = {isa = PBXFileReference; lastKnownFileType = sourcecode.swift; path = AppDelegate.swift; sourceTree = "<group>"; };
		EBE964632036D47F00042C05 /* ViewController.swift */ = {isa = PBXFileReference; lastKnownFileType = sourcecode.swift; path = ViewController.swift; sourceTree = "<group>"; };
		EBE964662036D47F00042C05 /* Base */ = {isa = PBXFileReference; lastKnownFileType = file.storyboard; name = Base; path = Base.lproj/Main.storyboard; sourceTree = "<group>"; };
		EBE964682036D47F00042C05 /* Assets.xcassets */ = {isa = PBXFileReference; lastKnownFileType = folder.assetcatalog; path = Assets.xcassets; sourceTree = "<group>"; };
		EBE9646B2036D47F00042C05 /* Base */ = {isa = PBXFileReference; lastKnownFileType = file.storyboard; name = Base; path = Base.lproj/LaunchScreen.storyboard; sourceTree = "<group>"; };
		EBE9646D2036D47F00042C05 /* Info.plist */ = {isa = PBXFileReference; lastKnownFileType = text.plist.xml; path = Info.plist; sourceTree = "<group>"; };
		EBE964742036D59A00042C05 /* Furniture.swift */ = {isa = PBXFileReference; lastKnownFileType = sourcecode.swift; path = Furniture.swift; sourceTree = "<group>"; };
/* End PBXFileReference section */

/* Begin PBXFrameworksBuildPhase section */
		EBE9645B2036D47F00042C05 /* Frameworks */ = {
			isa = PBXFrameworksBuildPhase;
			buildActionMask = 2147483647;
			files = (
			);
			runOnlyForDeploymentPostprocessing = 0;
		};
/* End PBXFrameworksBuildPhase section */

/* Begin PBXGroup section */
		EBAB27FD2036EBDF00958CB0 /* Utils */ = {
			isa = PBXGroup;
			children = (
				EBAB27FE2036EC0000958CB0 /* Utility.swift */,
				EBAB28002036EC1500958CB0 /* ViewUtility.swift */,
				EBAB28122037565200958CB0 /* Constants.swift */,
			);
			path = Utils;
			sourceTree = "<group>";
		};
		EBAB28022036ED2A00958CB0 /* EmptyPages */ = {
			isa = PBXGroup;
			children = (
				EBAB28032036EDB900958CB0 /* EmptyPageView.xib */,
				EBAB28072036F10000958CB0 /* EmptyPageView.swift */,
			);
			path = EmptyPages;
			sourceTree = "<group>";
		};
		EBAB28092036F79C00958CB0 /* Views */ = {
			isa = PBXGroup;
			children = (
				EBAB280A2036F7C200958CB0 /* FurnitureTableViewCell.swift */,
				EBAB280B2036F7C200958CB0 /* FurnitureTableViewCell.xib */,
			);
			path = Views;
			sourceTree = "<group>";
		};
		EBE964552036D47F00042C05 = {
			isa = PBXGroup;
			children = (
				EBAB28052036EE9500958CB0 /* ImageAssets.xcassets */,
				EBAB28022036ED2A00958CB0 /* EmptyPages */,
				EBAB27FD2036EBDF00958CB0 /* Utils */,
				EBE964732036D58D00042C05 /* Model */,
				EBE964602036D47F00042C05 /* AssetStorage */,
				EBE9645F2036D47F00042C05 /* Products */,
			);
			sourceTree = "<group>";
		};
		EBE9645F2036D47F00042C05 /* Products */ = {
			isa = PBXGroup;
			children = (
				EBE9645E2036D47F00042C05 /* AssetStorage.app */,
			);
			name = Products;
			sourceTree = "<group>";
		};
		EBE964602036D47F00042C05 /* AssetStorage */ = {
			isa = PBXGroup;
			children = (
				EBAB28092036F79C00958CB0 /* Views */,
				EBE964612036D47F00042C05 /* AppDelegate.swift */,
				EBE964632036D47F00042C05 /* ViewController.swift */,
				EBE964652036D47F00042C05 /* Main.storyboard */,
				EBE964682036D47F00042C05 /* Assets.xcassets */,
				EBE9646A2036D47F00042C05 /* LaunchScreen.storyboard */,
				EBE9646D2036D47F00042C05 /* Info.plist */,
				EBAB280E203728CB00958CB0 /* FurnitureDetailsStoreVC.swift */,
			);
			path = AssetStorage;
			sourceTree = "<group>";
		};
		EBE964732036D58D00042C05 /* Model */ = {
			isa = PBXGroup;
			children = (
				EBE964742036D59A00042C05 /* Furniture.swift */,
			);
			path = Model;
			sourceTree = "<group>";
		};
/* End PBXGroup section */

/* Begin PBXNativeTarget section */
		EBE9645D2036D47F00042C05 /* AssetStorage */ = {
			isa = PBXNativeTarget;
			buildConfigurationList = EBE964702036D47F00042C05 /* Build configuration list for PBXNativeTarget "AssetStorage" */;
			buildPhases = (
				EBE9645A2036D47F00042C05 /* Sources */,
				EBE9645B2036D47F00042C05 /* Frameworks */,
				EBE9645C2036D47F00042C05 /* Resources */,
			);
			buildRules = (
			);
			dependencies = (
			);
			name = AssetStorage;
			productName = AssetStorage;
			productReference = EBE9645E2036D47F00042C05 /* AssetStorage.app */;
			productType = "com.apple.product-type.application";
		};
/* End PBXNativeTarget section */

/* Begin PBXProject section */
		EBE964562036D47F00042C05 /* Project object */ = {
			isa = PBXProject;
			attributes = {
				LastSwiftUpdateCheck = 0920;
				LastUpgradeCheck = 0920;
				ORGANIZATIONNAME = "Asit Kumar Mohanty";
				TargetAttributes = {
					EBE9645D2036D47F00042C05 = {
						CreatedOnToolsVersion = 9.2;
						ProvisioningStyle = Automatic;
					};
				};
			};
			buildConfigurationList = EBE964592036D47F00042C05 /* Build configuration list for PBXProject "AssetStorage" */;
			compatibilityVersion = "Xcode 8.0";
			developmentRegion = en;
			hasScannedForEncodings = 0;
			knownRegions = (
				en,
				Base,
			);
			mainGroup = EBE964552036D47F00042C05;
			productRefGroup = EBE9645F2036D47F00042C05 /* Products */;
			projectDirPath = "";
			projectRoot = "";
			targets = (
				EBE9645D2036D47F00042C05 /* AssetStorage */,
			);
		};
/* End PBXProject section */

/* Begin PBXResourcesBuildPhase section */
		EBE9645C2036D47F00042C05 /* Resources */ = {
			isa = PBXResourcesBuildPhase;
			buildActionMask = 2147483647;
			files = (
				EBE9646C2036D47F00042C05 /* LaunchScreen.storyboard in Resources */,
				EBAB28042036EDB900958CB0 /* EmptyPageView.xib in Resources */,
				EBE964692036D47F00042C05 /* Assets.xcassets in Resources */,
				EBE964672036D47F00042C05 /* Main.storyboard in Resources */,
				EBAB280D2036F7C200958CB0 /* FurnitureTableViewCell.xib in Resources */,
				EBAB28062036EE9500958CB0 /* ImageAssets.xcassets in Resources */,
			);
			runOnlyForDeploymentPostprocessing = 0;
		};
/* End PBXResourcesBuildPhase section */

/* Begin PBXSourcesBuildPhase section */
		EBE9645A2036D47F00042C05 /* Sources */ = {
			isa = PBXSourcesBuildPhase;
			buildActionMask = 2147483647;
			files = (
				EBAB280F203728CB00958CB0 /* FurnitureDetailsStoreVC.swift in Sources */,
				EBAB27FF2036EC0000958CB0 /* Utility.swift in Sources */,
				EBAB280C2036F7C200958CB0 /* FurnitureTableViewCell.swift in Sources */,
				EBAB28082036F10000958CB0 /* EmptyPageView.swift in Sources */,
				EBAB28012036EC1500958CB0 /* ViewUtility.swift in Sources */,
				EBE964642036D47F00042C05 /* ViewController.swift in Sources */,
				EBE964752036D59A00042C05 /* Furniture.swift in Sources */,
				EBE964622036D47F00042C05 /* AppDelegate.swift in Sources */,
				EBAB28132037565200958CB0 /* Constants.swift in Sources */,
			);
			runOnlyForDeploymentPostprocessing = 0;
		};
/* End PBXSourcesBuildPhase section */

/* Begin PBXVariantGroup section */
		EBE964652036D47F00042C05 /* Main.storyboard */ = {
			isa = PBXVariantGroup;
			children = (
				EBE964662036D47F00042C05 /* Base */,
			);
			name = Main.storyboard;
			sourceTree = "<group>";
		};
		EBE9646A2036D47F00042C05 /* LaunchScreen.storyboard */ = {
			isa = PBXVariantGroup;
			children = (
				EBE9646B2036D47F00042C05 /* Base */,
			);
			name = LaunchScreen.storyboard;
			sourceTree = "<group>";
		};
/* End PBXVariantGroup section */

/* Begin XCBuildConfiguration section */
		EBE9646E2036D47F00042C05 /* Debug */ = {
			isa = XCBuildConfiguration;
			buildSettings = {
				ALWAYS_SEARCH_USER_PATHS = NO;
				CLANG_ANALYZER_NONNULL = YES;
				CLANG_ANALYZER_NUMBER_OBJECT_CONVERSION = YES_AGGRESSIVE;
				CLANG_CXX_LANGUAGE_STANDARD = "gnu++14";
				CLANG_CXX_LIBRARY = "libc++";
				CLANG_ENABLE_MODULES = YES;
				CLANG_ENABLE_OBJC_ARC = YES;
				CLANG_WARN_BLOCK_CAPTURE_AUTORELEASING = YES;
				CLANG_WARN_BOOL_CONVERSION = YES;
				CLANG_WARN_COMMA = YES;
				CLANG_WARN_CONSTANT_CONVERSION = YES;
				CLANG_WARN_DIRECT_OBJC_ISA_USAGE = YES_ERROR;
				CLANG_WARN_DOCUMENTATION_COMMENTS = YES;
				CLANG_WARN_EMPTY_BODY = YES;
				CLANG_WARN_ENUM_CONVERSION = YES;
				CLANG_WARN_INFINITE_RECURSION = YES;
				CLANG_WARN_INT_CONVERSION = YES;
				CLANG_WARN_NON_LITERAL_NULL_CONVERSION = YES;
				CLANG_WARN_OBJC_LITERAL_CONVERSION = YES;
				CLANG_WARN_OBJC_ROOT_CLASS = YES_ERROR;
				CLANG_WARN_RANGE_LOOP_ANALYSIS = YES;
				CLANG_WARN_STRICT_PROTOTYPES = YES;
				CLANG_WARN_SUSPICIOUS_MOVE = YES;
				CLANG_WARN_UNGUARDED_AVAILABILITY = YES_AGGRESSIVE;
				CLANG_WARN_UNREACHABLE_CODE = YES;
				CLANG_WARN__DUPLICATE_METHOD_MATCH = YES;
				CODE_SIGN_IDENTITY = "iPhone Developer";
				COPY_PHASE_STRIP = NO;
				DEBUG_INFORMATION_FORMAT = dwarf;
				ENABLE_STRICT_OBJC_MSGSEND = YES;
				ENABLE_TESTABILITY = YES;
				GCC_C_LANGUAGE_STANDARD = gnu11;
				GCC_DYNAMIC_NO_PIC = NO;
				GCC_NO_COMMON_BLOCKS = YES;
				GCC_OPTIMIZATION_LEVEL = 0;
				GCC_PREPROCESSOR_DEFINITIONS = (
					"DEBUG=1",
					"$(inherited)",
				);
				GCC_WARN_64_TO_32_BIT_CONVERSION = YES;
				GCC_WARN_ABOUT_RETURN_TYPE = YES_ERROR;
				GCC_WARN_UNDECLARED_SELECTOR = YES;
				GCC_WARN_UNINITIALIZED_AUTOS = YES_AGGRESSIVE;
				GCC_WARN_UNUSED_FUNCTION = YES;
				GCC_WARN_UNUSED_VARIABLE = YES;
				IPHONEOS_DEPLOYMENT_TARGET = 11.2;
				MTL_ENABLE_DEBUG_INFO = YES;
				ONLY_ACTIVE_ARCH = YES;
				SDKROOT = iphoneos;
				SWIFT_ACTIVE_COMPILATION_CONDITIONS = DEBUG;
				SWIFT_OPTIMIZATION_LEVEL = "-Onone";
			};
			name = Debug;
		};
		EBE9646F2036D47F00042C05 /* Release */ = {
			isa = XCBuildConfiguration;
			buildSettings = {
				ALWAYS_SEARCH_USER_PATHS = NO;
				CLANG_ANALYZER_NONNULL = YES;
				CLANG_ANALYZER_NUMBER_OBJECT_CONVERSION = YES_AGGRESSIVE;
				CLANG_CXX_LANGUAGE_STANDARD = "gnu++14";
				CLANG_CXX_LIBRARY = "libc++";
				CLANG_ENABLE_MODULES = YES;
				CLANG_ENABLE_OBJC_ARC = YES;
				CLANG_WARN_BLOCK_CAPTURE_AUTORELEASING = YES;
				CLANG_WARN_BOOL_CONVERSION = YES;
				CLANG_WARN_COMMA = YES;
				CLANG_WARN_CONSTANT_CONVERSION = YES;
				CLANG_WARN_DIRECT_OBJC_ISA_USAGE = YES_ERROR;
				CLANG_WARN_DOCUMENTATION_COMMENTS = YES;
				CLANG_WARN_EMPTY_BODY = YES;
				CLANG_WARN_ENUM_CONVERSION = YES;
				CLANG_WARN_INFINITE_RECURSION = YES;
				CLANG_WARN_INT_CONVERSION = YES;
				CLANG_WARN_NON_LITERAL_NULL_CONVERSION = YES;
				CLANG_WARN_OBJC_LITERAL_CONVERSION = YES;
				CLANG_WARN_OBJC_ROOT_CLASS = YES_ERROR;
				CLANG_WARN_RANGE_LOOP_ANALYSIS = YES;
				CLANG_WARN_STRICT_PROTOTYPES = YES;
				CLANG_WARN_SUSPICIOUS_MOVE = YES;
				CLANG_WARN_UNGUARDED_AVAILABILITY = YES_AGGRESSIVE;
				CLANG_WARN_UNREACHABLE_CODE = YES;
				CLANG_WARN__DUPLICATE_METHOD_MATCH = YES;
				CODE_SIGN_IDENTITY = "iPhone Developer";
				COPY_PHASE_STRIP = NO;
				DEBUG_INFORMATION_FORMAT = "dwarf-with-dsym";
				ENABLE_NS_ASSERTIONS = NO;
				ENABLE_STRICT_OBJC_MSGSEND = YES;
				GCC_C_LANGUAGE_STANDARD = gnu11;
				GCC_NO_COMMON_BLOCKS = YES;
				GCC_WARN_64_TO_32_BIT_CONVERSION = YES;
				GCC_WARN_ABOUT_RETURN_TYPE = YES_ERROR;
				GCC_WARN_UNDECLARED_SELECTOR = YES;
				GCC_WARN_UNINITIALIZED_AUTOS = YES_AGGRESSIVE;
				GCC_WARN_UNUSED_FUNCTION = YES;
				GCC_WARN_UNUSED_VARIABLE = YES;
				IPHONEOS_DEPLOYMENT_TARGET = 11.2;
				MTL_ENABLE_DEBUG_INFO = NO;
				SDKROOT = iphoneos;
				SWIFT_OPTIMIZATION_LEVEL = "-Owholemodule";
				VALIDATE_PRODUCT = YES;
			};
			name = Release;
		};
		EBE964712036D47F00042C05 /* Debug */ = {
			isa = XCBuildConfiguration;
			buildSettings = {
				ASSETCATALOG_COMPILER_APPICON_NAME = AppIcon;
				"CODE_SIGN_IDENTITY[sdk=iphoneos*]" = "iPhone Developer";
				CODE_SIGN_STYLE = Automatic;
				DEVELOPMENT_TEAM = P8APB44D6G;
				INFOPLIST_FILE = AssetStorage/Info.plist;
				LD_RUNPATH_SEARCH_PATHS = "$(inherited) @executable_path/Frameworks";
				PRODUCT_BUNDLE_IDENTIFIER = com.aone.AssetStorage;
				PRODUCT_NAME = "$(TARGET_NAME)";
				PROVISIONING_PROFILE_SPECIFIER = "";
				SWIFT_VERSION = 4.0;
				TARGETED_DEVICE_FAMILY = "1,2";
			};
			name = Debug;
		};
		EBE964722036D47F00042C05 /* Release */ = {
			isa = XCBuildConfiguration;
			buildSettings = {
				ASSETCATALOG_COMPILER_APPICON_NAME = AppIcon;
				"CODE_SIGN_IDENTITY[sdk=iphoneos*]" = "iPhone Developer";
				CODE_SIGN_STYLE = Automatic;
				DEVELOPMENT_TEAM = P8APB44D6G;
				INFOPLIST_FILE = AssetStorage/Info.plist;
				LD_RUNPATH_SEARCH_PATHS = "$(inherited) @executable_path/Frameworks";
				PRODUCT_BUNDLE_IDENTIFIER = com.aone.AssetStorage;
				PRODUCT_NAME = "$(TARGET_NAME)";
				PROVISIONING_PROFILE_SPECIFIER = "";
				SWIFT_VERSION = 4.0;
				TARGETED_DEVICE_FAMILY = "1,2";
			};
			name = Release;
		};
/* End XCBuildConfiguration section */

/* Begin XCConfigurationList section */
		EBE964592036D47F00042C05 /* Build configuration list for PBXProject "AssetStorage" */ = {
			isa = XCConfigurationList;
			buildConfigurations = (
				EBE9646E2036D47F00042C05 /* Debug */,
				EBE9646F2036D47F00042C05 /* Release */,
			);
			defaultConfigurationIsVisible = 0;
			defaultConfigurationName = Release;
		};
		EBE964702036D47F00042C05 /* Build configuration list for PBXNativeTarget "AssetStorage" */ = {
			isa = XCConfigurationList;
			buildConfigurations = (
				EBE964712036D47F00042C05 /* Debug */,
				EBE964722036D47F00042C05 /* Release */,
			);
			defaultConfigurationIsVisible = 0;
			defaultConfigurationName = Release;
		};
/* End XCConfigurationList section */
	};
	rootObject = EBE964562036D47F00042C05 /* Project object */;
}
